
Microsoft Visual Studio Solution File, Format Version 12.00
# Visual Studio Version 17
VisualStudioVersion = 17.13.35919.96 d17.13
MinimumVisualStudioVersion = 10.0.40219.1
Project("{FAE04EC0-301F-11D3-BF4B-00C04F79EFBC}") = "neha_quiz4_dotnet", "neha_quiz4_dotnet.csproj", "{52DC2304-0BC4-42F0-B831-E95CCCEBADA0}"
EndProject
Global
	GlobalSection(SolutionConfigurationPlatforms) = preSolution
		Debug|Any CPU = Debug|Any CPU
		Release|Any CPU = Release|Any CPU
	EndGlobalSection
	GlobalSection(ProjectConfigurationPlatforms) = postSolution
		{52DC2304-0BC4-42F0-B831-E95CCCEBADA0}.Debug|Any CPU.ActiveCfg = Debug|Any CPU
		{52DC2304-0BC4-42F0-B831-E95CCCEBADA0}.Debug|Any CPU.Build.0 = Debug|Any CPU
		{52DC2304-0BC4-42F0-B831-E95CCCEBADA0}.Release|Any CPU.ActiveCfg = Release|Any CPU
		{52DC2304-0BC4-42F0-B831-E95CCCEBADA0}.Release|Any CPU.Build.0 = Release|Any CPU
	EndGlobalSection
	GlobalSection(SolutionProperties) = preSolution
		HideSolutionNode = FALSE
	EndGlobalSection
	GlobalSection(ExtensibilityGlobals) = postSolution
		SolutionGuid = {9FEFF48D-36BD-4F0F-A9BA-391A3E017B44}
	EndGlobalSection
EndGlobal
